
Microsoft Visual Studio Solution File, Format Version 12.00
# Visual Studio Version 16
VisualStudioVersion = 16.0.30804.86
MinimumVisualStudioVersion = 10.0.40219.1
Project("{FAE04EC0-301F-11D3-BF4B-00C04F79EFBC}") = "DAL", "Wallet.DAL\DAL.csproj", "{4554D3FD-3691-4A25-B92E-F0F6F30D0298}"
EndProject
Project("{FAE04EC0-301F-11D3-BF4B-00C04F79EFBC}") = "BLL", "Wallet.BLL\BLL.csproj", "{0B16A680-7ED9-4980-AF61-7F93DC808602}"
EndProject
Project("{FAE04EC0-301F-11D3-BF4B-00C04F79EFBC}") = "WEB", "Wallet.WEB\WEB.csproj", "{6AD1A311-AB45-4C30-904D-329B1D757B4A}"
EndProject
Global
	GlobalSection(SolutionConfigurationPlatforms) = preSolution
		Debug|Any CPU = Debug|Any CPU
		Release|Any CPU = Release|Any CPU
	EndGlobalSection
	GlobalSection(ProjectConfigurationPlatforms) = postSolution
		{4554D3FD-3691-4A25-B92E-F0F6F30D0298}.Debug|Any CPU.ActiveCfg = Debug|Any CPU
		{4554D3FD-3691-4A25-B92E-F0F6F30D0298}.Debug|Any CPU.Build.0 = Debug|Any CPU
		{4554D3FD-3691-4A25-B92E-F0F6F30D0298}.Release|Any CPU.ActiveCfg = Release|Any CPU
		{4554D3FD-3691-4A25-B92E-F0F6F30D0298}.Release|Any CPU.Build.0 = Release|Any CPU
		{0B16A680-7ED9-4980-AF61-7F93DC808602}.Debug|Any CPU.ActiveCfg = Debug|Any CPU
		{0B16A680-7ED9-4980-AF61-7F93DC808602}.Debug|Any CPU.Build.0 = Debug|Any CPU
		{0B16A680-7ED9-4980-AF61-7F93DC808602}.Release|Any CPU.ActiveCfg = Release|Any CPU
		{0B16A680-7ED9-4980-AF61-7F93DC808602}.Release|Any CPU.Build.0 = Release|Any CPU
		{6AD1A311-AB45-4C30-904D-329B1D757B4A}.Debug|Any CPU.ActiveCfg = Debug|Any CPU
		{6AD1A311-AB45-4C30-904D-329B1D757B4A}.Debug|Any CPU.Build.0 = Debug|Any CPU
		{6AD1A311-AB45-4C30-904D-329B1D757B4A}.Release|Any CPU.ActiveCfg = Release|Any CPU
		{6AD1A311-AB45-4C30-904D-329B1D757B4A}.Release|Any CPU.Build.0 = Release|Any CPU
	EndGlobalSection
	GlobalSection(SolutionProperties) = preSolution
		HideSolutionNode = FALSE
	EndGlobalSection
	GlobalSection(ExtensibilityGlobals) = postSolution
		SolutionGuid = {B21855CD-A6E6-4DBA-9EC3-C40963F5589E}
	EndGlobalSection
EndGlobal
